// !$*UTF8*$!
{
	archiveVersion = 1;
	classes = {
	};
	objectVersion = 46;
	objects = {

/* Begin PBXBuildFile section */
		7736E8311FD7D3FF0030979D /* LayoutHorizontalEdgeAnchors.swift in Sources */ = {isa = PBXBuildFile; fileRef = 7736E8301FD7D3FF0030979D /* LayoutHorizontalEdgeAnchors.swift */; };
		773E730F2047B0B500EA198F /* LayoutDirectionalHorizontalEdgeAnchors.swift in Sources */ = {isa = PBXBuildFile; fileRef = 773E730D2047B0B500EA198F /* LayoutDirectionalHorizontalEdgeAnchors.swift */; };
		773E73102047B0B500EA198F /* LayoutVerticalEdgeAnchors.swift in Sources */ = {isa = PBXBuildFile; fileRef = 773E730E2047B0B500EA198F /* LayoutVerticalEdgeAnchors.swift */; };
		7744A56A20A790430080C055 /* UIView+Squidward.swift in Sources */ = {isa = PBXBuildFile; fileRef = 7744A56920A790430080C055 /* UIView+Squidward.swift */; };
		7744A56C20A791F80080C055 /* UIStackView+Squidward.swift in Sources */ = {isa = PBXBuildFile; fileRef = 7744A56B20A791F80080C055 /* UIStackView+Squidward.swift */; };
		7744A56E20A792630080C055 /* UILayoutPriority+Squidward.swift in Sources */ = {isa = PBXBuildFile; fileRef = 7744A56D20A792630080C055 /* UILayoutPriority+Squidward.swift */; };
		7744A57020A795E10080C055 /* CircleView.swift in Sources */ = {isa = PBXBuildFile; fileRef = 7744A56F20A795E10080C055 /* CircleView.swift */; };
		7744A57220A797EC0080C055 /* UIControl+Squidward.swift in Sources */ = {isa = PBXBuildFile; fileRef = 7744A57120A797EC0080C055 /* UIControl+Squidward.swift */; };
		7744A57520A79A510080C055 /* ViewTests.swift in Sources */ = {isa = PBXBuildFile; fileRef = 7744A57320A79A4D0080C055 /* ViewTests.swift */; };
		7744A57820A79FB40080C055 /* UIControl+Swizzle.swift in Sources */ = {isa = PBXBuildFile; fileRef = 7744A57620A79FB00080C055 /* UIControl+Swizzle.swift */; };
		7744A57D20A7CD240080C055 /* TableView+ReuseIdentifiable.swift in Sources */ = {isa = PBXBuildFile; fileRef = 7744A57C20A7CD240080C055 /* TableView+ReuseIdentifiable.swift */; };
		7744A57F20A7CD580080C055 /* ReuseIdentifiable.swift in Sources */ = {isa = PBXBuildFile; fileRef = 7744A57E20A7CD580080C055 /* ReuseIdentifiable.swift */; };
		774D0F4320A87F21004AE803 /* CollectionView+ReuseIdentifiable.swift in Sources */ = {isa = PBXBuildFile; fileRef = 774D0F4220A87F21004AE803 /* CollectionView+ReuseIdentifiable.swift */; };
		777820051FC26F4F00C94C2C /* LayoutGuide.swift in Sources */ = {isa = PBXBuildFile; fileRef = 777820041FC26F4F00C94C2C /* LayoutGuide.swift */; };
		777820071FC2741200C94C2C /* DirectionalRectEdge.swift in Sources */ = {isa = PBXBuildFile; fileRef = 777820061FC2741200C94C2C /* DirectionalRectEdge.swift */; };
		777820091FC2763E00C94C2C /* LayoutDirectionalEdgeAnchors.swift in Sources */ = {isa = PBXBuildFile; fileRef = 777820081FC2763E00C94C2C /* LayoutDirectionalEdgeAnchors.swift */; };
		777EAE4920AC963000C1E0F9 /* UIImage+Squidward.swift in Sources */ = {isa = PBXBuildFile; fileRef = 777EAE4820AC963000C1E0F9 /* UIImage+Squidward.swift */; };
		777EAE4B20AC96C000C1E0F9 /* UIColor+Squidward.swift in Sources */ = {isa = PBXBuildFile; fileRef = 777EAE4A20AC96C000C1E0F9 /* UIColor+Squidward.swift */; };
		777EAE4E20AC9C9700C1E0F9 /* ReuseIdentifiableTests.swift in Sources */ = {isa = PBXBuildFile; fileRef = 777EAE4C20AC9C8500C1E0F9 /* ReuseIdentifiableTests.swift */; };
		7793C6BF1F6DBA8900A1D147 /* Squidward.framework in Frameworks */ = {isa = PBXBuildFile; fileRef = 7793C6B51F6DBA8900A1D147 /* Squidward.framework */; };
		7793C6D91F6DBB9900A1D147 /* Squidward.h in Headers */ = {isa = PBXBuildFile; fileRef = 7793C6D11F6DBB4300A1D147 /* Squidward.h */; settings = {ATTRIBUTES = (Public, ); }; };
		7793C6DB1F6DBBCC00A1D147 /* LayoutTests.swift in Sources */ = {isa = PBXBuildFile; fileRef = 7793C6D41F6DBB4300A1D147 /* LayoutTests.swift */; };
		7793C6E01F6DBC9400A1D147 /* LayoutConstraintGroup.swift in Sources */ = {isa = PBXBuildFile; fileRef = 7793C6DC1F6DBC9400A1D147 /* LayoutConstraintGroup.swift */; };
		7793C6E11F6DBC9400A1D147 /* LayoutEdgeAnchors.swift in Sources */ = {isa = PBXBuildFile; fileRef = 7793C6DD1F6DBC9400A1D147 /* LayoutEdgeAnchors.swift */; };
		7793C6E21F6DBC9400A1D147 /* LayoutPointAnchors.swift in Sources */ = {isa = PBXBuildFile; fileRef = 7793C6DE1F6DBC9400A1D147 /* LayoutPointAnchors.swift */; };
		7793C6E31F6DBC9400A1D147 /* LayoutSizeDemensions.swift in Sources */ = {isa = PBXBuildFile; fileRef = 7793C6DF1F6DBC9400A1D147 /* LayoutSizeDemensions.swift */; };
		77AAC1C11FD88A6C00A2F652 /* Insets.swift in Sources */ = {isa = PBXBuildFile; fileRef = 77AAC1C01FD88A6C00A2F652 /* Insets.swift */; };
/* End PBXBuildFile section */

/* Begin PBXContainerItemProxy section */
		7793C6C01F6DBA8900A1D147 /* PBXContainerItemProxy */ = {
			isa = PBXContainerItemProxy;
			containerPortal = 7793C6AC1F6DBA8900A1D147 /* Project object */;
			proxyType = 1;
			remoteGlobalIDString = 7793C6B41F6DBA8900A1D147;
			remoteInfo = Squidward;
		};
/* End PBXContainerItemProxy section */

/* Begin PBXFileReference section */
		7736E8301FD7D3FF0030979D /* LayoutHorizontalEdgeAnchors.swift */ = {isa = PBXFileReference; lastKnownFileType = sourcecode.swift; path = LayoutHorizontalEdgeAnchors.swift; sourceTree = "<group>"; };
		773E730D2047B0B500EA198F /* LayoutDirectionalHorizontalEdgeAnchors.swift */ = {isa = PBXFileReference; fileEncoding = 4; lastKnownFileType = sourcecode.swift; path = LayoutDirectionalHorizontalEdgeAnchors.swift; sourceTree = "<group>"; };
		773E730E2047B0B500EA198F /* LayoutVerticalEdgeAnchors.swift */ = {isa = PBXFileReference; fileEncoding = 4; lastKnownFileType = sourcecode.swift; path = LayoutVerticalEdgeAnchors.swift; sourceTree = "<group>"; };
		7744A56920A790430080C055 /* UIView+Squidward.swift */ = {isa = PBXFileReference; lastKnownFileType = sourcecode.swift; path = "UIView+Squidward.swift"; sourceTree = "<group>"; };
		7744A56B20A791F80080C055 /* UIStackView+Squidward.swift */ = {isa = PBXFileReference; lastKnownFileType = sourcecode.swift; path = "UIStackView+Squidward.swift"; sourceTree = "<group>"; };
		7744A56D20A792630080C055 /* UILayoutPriority+Squidward.swift */ = {isa = PBXFileReference; lastKnownFileType = sourcecode.swift; path = "UILayoutPriority+Squidward.swift"; sourceTree = "<group>"; };
		7744A56F20A795E10080C055 /* CircleView.swift */ = {isa = PBXFileReference; lastKnownFileType = sourcecode.swift; path = CircleView.swift; sourceTree = "<group>"; };
		7744A57120A797EC0080C055 /* UIControl+Squidward.swift */ = {isa = PBXFileReference; lastKnownFileType = sourcecode.swift; path = "UIControl+Squidward.swift"; sourceTree = "<group>"; };
		7744A57320A79A4D0080C055 /* ViewTests.swift */ = {isa = PBXFileReference; lastKnownFileType = sourcecode.swift; path = ViewTests.swift; sourceTree = "<group>"; };
		7744A57620A79FB00080C055 /* UIControl+Swizzle.swift */ = {isa = PBXFileReference; lastKnownFileType = sourcecode.swift; path = "UIControl+Swizzle.swift"; sourceTree = "<group>"; };
		7744A57C20A7CD240080C055 /* TableView+ReuseIdentifiable.swift */ = {isa = PBXFileReference; lastKnownFileType = sourcecode.swift; path = "TableView+ReuseIdentifiable.swift"; sourceTree = "<group>"; };
		7744A57E20A7CD580080C055 /* ReuseIdentifiable.swift */ = {isa = PBXFileReference; lastKnownFileType = sourcecode.swift; path = ReuseIdentifiable.swift; sourceTree = "<group>"; };
		774D0F4220A87F21004AE803 /* CollectionView+ReuseIdentifiable.swift */ = {isa = PBXFileReference; lastKnownFileType = sourcecode.swift; path = "CollectionView+ReuseIdentifiable.swift"; sourceTree = "<group>"; };
		777820041FC26F4F00C94C2C /* LayoutGuide.swift */ = {isa = PBXFileReference; lastKnownFileType = sourcecode.swift; path = LayoutGuide.swift; sourceTree = "<group>"; };
		777820061FC2741200C94C2C /* DirectionalRectEdge.swift */ = {isa = PBXFileReference; lastKnownFileType = sourcecode.swift; path = DirectionalRectEdge.swift; sourceTree = "<group>"; };
		777820081FC2763E00C94C2C /* LayoutDirectionalEdgeAnchors.swift */ = {isa = PBXFileReference; lastKnownFileType = sourcecode.swift; path = LayoutDirectionalEdgeAnchors.swift; sourceTree = "<group>"; };
		777EAE4820AC963000C1E0F9 /* UIImage+Squidward.swift */ = {isa = PBXFileReference; lastKnownFileType = sourcecode.swift; path = "UIImage+Squidward.swift"; sourceTree = "<group>"; };
		777EAE4A20AC96C000C1E0F9 /* UIColor+Squidward.swift */ = {isa = PBXFileReference; lastKnownFileType = sourcecode.swift; path = "UIColor+Squidward.swift"; sourceTree = "<group>"; };
		777EAE4C20AC9C8500C1E0F9 /* ReuseIdentifiableTests.swift */ = {isa = PBXFileReference; lastKnownFileType = sourcecode.swift; path = ReuseIdentifiableTests.swift; sourceTree = "<group>"; };
		7793C6B51F6DBA8900A1D147 /* Squidward.framework */ = {isa = PBXFileReference; explicitFileType = wrapper.framework; includeInIndex = 0; path = Squidward.framework; sourceTree = BUILT_PRODUCTS_DIR; };
		7793C6BE1F6DBA8900A1D147 /* SquidwardTests.xctest */ = {isa = PBXFileReference; explicitFileType = wrapper.cfbundle; includeInIndex = 0; path = SquidwardTests.xctest; sourceTree = BUILT_PRODUCTS_DIR; };
		7793C6D01F6DBB4300A1D147 /* Info.plist */ = {isa = PBXFileReference; fileEncoding = 4; lastKnownFileType = text.plist.xml; path = Info.plist; sourceTree = "<group>"; };
		7793C6D11F6DBB4300A1D147 /* Squidward.h */ = {isa = PBXFileReference; fileEncoding = 4; lastKnownFileType = sourcecode.c.h; path = Squidward.h; sourceTree = "<group>"; };
		7793C6D31F6DBB4300A1D147 /* Info.plist */ = {isa = PBXFileReference; fileEncoding = 4; lastKnownFileType = text.plist.xml; path = Info.plist; sourceTree = "<group>"; };
		7793C6D41F6DBB4300A1D147 /* LayoutTests.swift */ = {isa = PBXFileReference; fileEncoding = 4; lastKnownFileType = sourcecode.swift; path = LayoutTests.swift; sourceTree = "<group>"; };
		7793C6DC1F6DBC9400A1D147 /* LayoutConstraintGroup.swift */ = {isa = PBXFileReference; fileEncoding = 4; lastKnownFileType = sourcecode.swift; path = LayoutConstraintGroup.swift; sourceTree = "<group>"; };
		7793C6DD1F6DBC9400A1D147 /* LayoutEdgeAnchors.swift */ = {isa = PBXFileReference; fileEncoding = 4; lastKnownFileType = sourcecode.swift; path = LayoutEdgeAnchors.swift; sourceTree = "<group>"; };
		7793C6DE1F6DBC9400A1D147 /* LayoutPointAnchors.swift */ = {isa = PBXFileReference; fileEncoding = 4; lastKnownFileType = sourcecode.swift; path = LayoutPointAnchors.swift; sourceTree = "<group>"; };
		7793C6DF1F6DBC9400A1D147 /* LayoutSizeDemensions.swift */ = {isa = PBXFileReference; fileEncoding = 4; lastKnownFileType = sourcecode.swift; path = LayoutSizeDemensions.swift; sourceTree = "<group>"; };
		77AAC1C01FD88A6C00A2F652 /* Insets.swift */ = {isa = PBXFileReference; lastKnownFileType = sourcecode.swift; path = Insets.swift; sourceTree = "<group>"; };
/* End PBXFileReference section */

/* Begin PBXFrameworksBuildPhase section */
		7793C6B11F6DBA8900A1D147 /* Frameworks */ = {
			isa = PBXFrameworksBuildPhase;
			buildActionMask = 2147483647;
			files = (
			);
			runOnlyForDeploymentPostprocessing = 0;
		};
		7793C6BB1F6DBA8900A1D147 /* Frameworks */ = {
			isa = PBXFrameworksBuildPhase;
			buildActionMask = 2147483647;
			files = (
				7793C6BF1F6DBA8900A1D147 /* Squidward.framework in Frameworks */,
			);
			runOnlyForDeploymentPostprocessing = 0;
		};
/* End PBXFrameworksBuildPhase section */

/* Begin PBXGroup section */
		7744A56420A78E5D0080C055 /* Layout */ = {
			isa = PBXGroup;
			children = (
				7793C6DD1F6DBC9400A1D147 /* LayoutEdgeAnchors.swift */,
				777820081FC2763E00C94C2C /* LayoutDirectionalEdgeAnchors.swift */,
				7736E8301FD7D3FF0030979D /* LayoutHorizontalEdgeAnchors.swift */,
				773E730D2047B0B500EA198F /* LayoutDirectionalHorizontalEdgeAnchors.swift */,
				773E730E2047B0B500EA198F /* LayoutVerticalEdgeAnchors.swift */,
				7793C6DE1F6DBC9400A1D147 /* LayoutPointAnchors.swift */,
				7793C6DF1F6DBC9400A1D147 /* LayoutSizeDemensions.swift */,
				7793C6DC1F6DBC9400A1D147 /* LayoutConstraintGroup.swift */,
				777820041FC26F4F00C94C2C /* LayoutGuide.swift */,
				7744A56D20A792630080C055 /* UILayoutPriority+Squidward.swift */,
			);
			path = Layout;
			sourceTree = "<group>";
		};
		7744A56520A78F670080C055 /* Models */ = {
			isa = PBXGroup;
			children = (
				777820061FC2741200C94C2C /* DirectionalRectEdge.swift */,
				77AAC1C01FD88A6C00A2F652 /* Insets.swift */,
			);
			path = Models;
			sourceTree = "<group>";
		};
		7744A56820A7902D0080C055 /* Views */ = {
			isa = PBXGroup;
			children = (
				7744A56920A790430080C055 /* UIView+Squidward.swift */,
				7744A56B20A791F80080C055 /* UIStackView+Squidward.swift */,
				7744A56F20A795E10080C055 /* CircleView.swift */,
				7744A57120A797EC0080C055 /* UIControl+Squidward.swift */,
				777EAE4820AC963000C1E0F9 /* UIImage+Squidward.swift */,
				777EAE4A20AC96C000C1E0F9 /* UIColor+Squidward.swift */,
			);
			path = Views;
			sourceTree = "<group>";
		};
		7744A57B20A7A58E0080C055 /* ReuseIdentifiable */ = {
			isa = PBXGroup;
			children = (
				774D0F4220A87F21004AE803 /* CollectionView+ReuseIdentifiable.swift */,
				7744A57E20A7CD580080C055 /* ReuseIdentifiable.swift */,
				7744A57C20A7CD240080C055 /* TableView+ReuseIdentifiable.swift */,
			);
			path = ReuseIdentifiable;
			sourceTree = "<group>";
		};
		7793C6AB1F6DBA8900A1D147 = {
			isa = PBXGroup;
			children = (
				7793C6CF1F6DBB4300A1D147 /* Source */,
				7793C6D21F6DBB4300A1D147 /* Tests */,
				7793C6B61F6DBA8900A1D147 /* Products */,
			);
			sourceTree = "<group>";
		};
		7793C6B61F6DBA8900A1D147 /* Products */ = {
			isa = PBXGroup;
			children = (
				7793C6B51F6DBA8900A1D147 /* Squidward.framework */,
				7793C6BE1F6DBA8900A1D147 /* SquidwardTests.xctest */,
			);
			name = Products;
			sourceTree = "<group>";
		};
		7793C6CF1F6DBB4300A1D147 /* Source */ = {
			isa = PBXGroup;
			children = (
				7744A57B20A7A58E0080C055 /* ReuseIdentifiable */,
				7744A56820A7902D0080C055 /* Views */,
				7744A56520A78F670080C055 /* Models */,
				7744A56420A78E5D0080C055 /* Layout */,
				7793C6D11F6DBB4300A1D147 /* Squidward.h */,
				7793C6D01F6DBB4300A1D147 /* Info.plist */,
			);
			path = Source;
			sourceTree = "<group>";
		};
		7793C6D21F6DBB4300A1D147 /* Tests */ = {
			isa = PBXGroup;
			children = (
				7793C6D31F6DBB4300A1D147 /* Info.plist */,
				7793C6D41F6DBB4300A1D147 /* LayoutTests.swift */,
				7744A57320A79A4D0080C055 /* ViewTests.swift */,
				7744A57620A79FB00080C055 /* UIControl+Swizzle.swift */,
				777EAE4C20AC9C8500C1E0F9 /* ReuseIdentifiableTests.swift */,
			);
			path = Tests;
			sourceTree = "<group>";
		};
/* End PBXGroup section */

/* Begin PBXHeadersBuildPhase section */
		7793C6B21F6DBA8900A1D147 /* Headers */ = {
			isa = PBXHeadersBuildPhase;
			buildActionMask = 2147483647;
			files = (
				7793C6D91F6DBB9900A1D147 /* Squidward.h in Headers */,
			);
			runOnlyForDeploymentPostprocessing = 0;
		};
/* End PBXHeadersBuildPhase section */

/* Begin PBXNativeTarget section */
		7793C6B41F6DBA8900A1D147 /* Squidward */ = {
			isa = PBXNativeTarget;
			buildConfigurationList = 7793C6C91F6DBA8900A1D147 /* Build configuration list for PBXNativeTarget "Squidward" */;
			buildPhases = (
				7793C6B01F6DBA8900A1D147 /* Sources */,
				7793C6B11F6DBA8900A1D147 /* Frameworks */,
				7793C6B21F6DBA8900A1D147 /* Headers */,
				7793C6B31F6DBA8900A1D147 /* Resources */,
				774D0F4620A895E3004AE803 /* Lint */,
			);
			buildRules = (
			);
			dependencies = (
			);
			name = Squidward;
			productName = Squidward;
			productReference = 7793C6B51F6DBA8900A1D147 /* Squidward.framework */;
			productType = "com.apple.product-type.framework";
		};
		7793C6BD1F6DBA8900A1D147 /* SquidwardTests */ = {
			isa = PBXNativeTarget;
			buildConfigurationList = 7793C6CC1F6DBA8900A1D147 /* Build configuration list for PBXNativeTarget "SquidwardTests" */;
			buildPhases = (
				7793C6BA1F6DBA8900A1D147 /* Sources */,
				7793C6BB1F6DBA8900A1D147 /* Frameworks */,
				7793C6BC1F6DBA8900A1D147 /* Resources */,
			);
			buildRules = (
			);
			dependencies = (
				7793C6C11F6DBA8900A1D147 /* PBXTargetDependency */,
			);
			name = SquidwardTests;
			productName = SquidwardTests;
			productReference = 7793C6BE1F6DBA8900A1D147 /* SquidwardTests.xctest */;
			productType = "com.apple.product-type.bundle.unit-test";
		};
/* End PBXNativeTarget section */

/* Begin PBXProject section */
		7793C6AC1F6DBA8900A1D147 /* Project object */ = {
			isa = PBXProject;
			attributes = {
				LastSwiftUpdateCheck = 0830;
				LastUpgradeCheck = 0930;
				ORGANIZATIONNAME = QuarkWorks;
				TargetAttributes = {
					7793C6B41F6DBA8900A1D147 = {
						CreatedOnToolsVersion = 8.3.3;
						LastSwiftMigration = 0900;
						ProvisioningStyle = Automatic;
					};
					7793C6BD1F6DBA8900A1D147 = {
						CreatedOnToolsVersion = 8.3.3;
						LastSwiftMigration = 0900;
						ProvisioningStyle = Automatic;
					};
				};
			};
			buildConfigurationList = 7793C6AF1F6DBA8900A1D147 /* Build configuration list for PBXProject "Squidward" */;
			compatibilityVersion = "Xcode 3.2";
			developmentRegion = English;
			hasScannedForEncodings = 0;
			knownRegions = (
				en,
			);
			mainGroup = 7793C6AB1F6DBA8900A1D147;
			productRefGroup = 7793C6B61F6DBA8900A1D147 /* Products */;
			projectDirPath = "";
			projectRoot = "";
			targets = (
				7793C6B41F6DBA8900A1D147 /* Squidward */,
				7793C6BD1F6DBA8900A1D147 /* SquidwardTests */,
			);
		};
/* End PBXProject section */

/* Begin PBXResourcesBuildPhase section */
		7793C6B31F6DBA8900A1D147 /* Resources */ = {
			isa = PBXResourcesBuildPhase;
			buildActionMask = 2147483647;
			files = (
			);
			runOnlyForDeploymentPostprocessing = 0;
		};
		7793C6BC1F6DBA8900A1D147 /* Resources */ = {
			isa = PBXResourcesBuildPhase;
			buildActionMask = 2147483647;
			files = (
			);
			runOnlyForDeploymentPostprocessing = 0;
		};
/* End PBXResourcesBuildPhase section */

/* Begin PBXShellScriptBuildPhase section */
		774D0F4620A895E3004AE803 /* Lint */ = {
			isa = PBXShellScriptBuildPhase;
			buildActionMask = 2147483647;
			files = (
			);
			inputPaths = (
			);
			name = Lint;
			outputPaths = (
			);
			runOnlyForDeploymentPostprocessing = 0;
			shellPath = /bin/sh;
			shellScript = "if which swiftlint >/dev/null; then\n    swiftlint\nelse\n    echo \"warning: SwiftLint not installed, download from https://github.com/realm/SwiftLint\"\nfi";
		};
/* End PBXShellScriptBuildPhase section */

/* Begin PBXSourcesBuildPhase section */
		7793C6B01F6DBA8900A1D147 /* Sources */ = {
			isa = PBXSourcesBuildPhase;
			buildActionMask = 2147483647;
			files = (
				777820051FC26F4F00C94C2C /* LayoutGuide.swift in Sources */,
				7744A56A20A790430080C055 /* UIView+Squidward.swift in Sources */,
				774D0F4320A87F21004AE803 /* CollectionView+ReuseIdentifiable.swift in Sources */,
				7744A57220A797EC0080C055 /* UIControl+Squidward.swift in Sources */,
				77AAC1C11FD88A6C00A2F652 /* Insets.swift in Sources */,
				7744A57F20A7CD580080C055 /* ReuseIdentifiable.swift in Sources */,
				777EAE4920AC963000C1E0F9 /* UIImage+Squidward.swift in Sources */,
				7736E8311FD7D3FF0030979D /* LayoutHorizontalEdgeAnchors.swift in Sources */,
				7793C6E01F6DBC9400A1D147 /* LayoutConstraintGroup.swift in Sources */,
				7793C6E21F6DBC9400A1D147 /* LayoutPointAnchors.swift in Sources */,
				7744A57020A795E10080C055 /* CircleView.swift in Sources */,
				777EAE4B20AC96C000C1E0F9 /* UIColor+Squidward.swift in Sources */,
				777820091FC2763E00C94C2C /* LayoutDirectionalEdgeAnchors.swift in Sources */,
				7744A57D20A7CD240080C055 /* TableView+ReuseIdentifiable.swift in Sources */,
				7744A56C20A791F80080C055 /* UIStackView+Squidward.swift in Sources */,
				7793C6E11F6DBC9400A1D147 /* LayoutEdgeAnchors.swift in Sources */,
				7744A56E20A792630080C055 /* UILayoutPriority+Squidward.swift in Sources */,
				773E73102047B0B500EA198F /* LayoutVerticalEdgeAnchors.swift in Sources */,
				773E730F2047B0B500EA198F /* LayoutDirectionalHorizontalEdgeAnchors.swift in Sources */,
				777820071FC2741200C94C2C /* DirectionalRectEdge.swift in Sources */,
				7793C6E31F6DBC9400A1D147 /* LayoutSizeDemensions.swift in Sources */,
			);
			runOnlyForDeploymentPostprocessing = 0;
		};
		7793C6BA1F6DBA8900A1D147 /* Sources */ = {
			isa = PBXSourcesBuildPhase;
			buildActionMask = 2147483647;
			files = (
				7744A57520A79A510080C055 /* ViewTests.swift in Sources */,
				7793C6DB1F6DBBCC00A1D147 /* LayoutTests.swift in Sources */,
				777EAE4E20AC9C9700C1E0F9 /* ReuseIdentifiableTests.swift in Sources */,
				7744A57820A79FB40080C055 /* UIControl+Swizzle.swift in Sources */,
			);
			runOnlyForDeploymentPostprocessing = 0;
		};
/* End PBXSourcesBuildPhase section */

/* Begin PBXTargetDependency section */
		7793C6C11F6DBA8900A1D147 /* PBXTargetDependency */ = {
			isa = PBXTargetDependency;
			target = 7793C6B41F6DBA8900A1D147 /* Squidward */;
			targetProxy = 7793C6C01F6DBA8900A1D147 /* PBXContainerItemProxy */;
		};
/* End PBXTargetDependency section */

/* Begin XCBuildConfiguration section */
		7793C6C71F6DBA8900A1D147 /* Debug */ = {
			isa = XCBuildConfiguration;
			buildSettings = {
				ALWAYS_SEARCH_USER_PATHS = NO;
				CLANG_ANALYZER_NONNULL = YES;
				CLANG_ANALYZER_NUMBER_OBJECT_CONVERSION = YES_AGGRESSIVE;
				CLANG_CXX_LANGUAGE_STANDARD = "gnu++0x";
				CLANG_CXX_LIBRARY = "libc++";
				CLANG_ENABLE_MODULES = YES;
				CLANG_ENABLE_OBJC_ARC = YES;
				CLANG_WARN_BLOCK_CAPTURE_AUTORELEASING = YES;
				CLANG_WARN_BOOL_CONVERSION = YES;
				CLANG_WARN_COMMA = YES;
				CLANG_WARN_CONSTANT_CONVERSION = YES;
				CLANG_WARN_DEPRECATED_OBJC_IMPLEMENTATIONS = YES;
				CLANG_WARN_DIRECT_OBJC_ISA_USAGE = YES_ERROR;
				CLANG_WARN_DOCUMENTATION_COMMENTS = YES;
				CLANG_WARN_EMPTY_BODY = YES;
				CLANG_WARN_ENUM_CONVERSION = YES;
				CLANG_WARN_INFINITE_RECURSION = YES;
				CLANG_WARN_INT_CONVERSION = YES;
				CLANG_WARN_NON_LITERAL_NULL_CONVERSION = YES;
				CLANG_WARN_OBJC_IMPLICIT_RETAIN_SELF = YES;
				CLANG_WARN_OBJC_LITERAL_CONVERSION = YES;
				CLANG_WARN_OBJC_ROOT_CLASS = YES_ERROR;
				CLANG_WARN_RANGE_LOOP_ANALYSIS = YES;
				CLANG_WARN_STRICT_PROTOTYPES = YES;
				CLANG_WARN_SUSPICIOUS_MOVE = YES;
				CLANG_WARN_UNREACHABLE_CODE = YES;
				CLANG_WARN__DUPLICATE_METHOD_MATCH = YES;
				"CODE_SIGN_IDENTITY[sdk=iphoneos*]" = "iPhone Developer";
				COPY_PHASE_STRIP = NO;
				CURRENT_PROJECT_VERSION = 1;
				DEBUG_INFORMATION_FORMAT = dwarf;
				ENABLE_STRICT_OBJC_MSGSEND = YES;
				ENABLE_TESTABILITY = YES;
				GCC_C_LANGUAGE_STANDARD = gnu99;
				GCC_DYNAMIC_NO_PIC = NO;
				GCC_NO_COMMON_BLOCKS = YES;
				GCC_OPTIMIZATION_LEVEL = 0;
				GCC_PREPROCESSOR_DEFINITIONS = (
					"DEBUG=1",
					"$(inherited)",
				);
				GCC_WARN_64_TO_32_BIT_CONVERSION = YES;
				GCC_WARN_ABOUT_RETURN_TYPE = YES_ERROR;
				GCC_WARN_UNDECLARED_SELECTOR = YES;
				GCC_WARN_UNINITIALIZED_AUTOS = YES_AGGRESSIVE;
				GCC_WARN_UNUSED_FUNCTION = YES;
				GCC_WARN_UNUSED_VARIABLE = YES;
				IPHONEOS_DEPLOYMENT_TARGET = 9.0;
				MTL_ENABLE_DEBUG_INFO = YES;
				ONLY_ACTIVE_ARCH = YES;
				SDKROOT = iphoneos;
				SWIFT_ACTIVE_COMPILATION_CONDITIONS = DEBUG;
				SWIFT_OPTIMIZATION_LEVEL = "-Onone";
				TARGETED_DEVICE_FAMILY = "1,2";
				VERSIONING_SYSTEM = "apple-generic";
				VERSION_INFO_PREFIX = "";
			};
			name = Debug;
		};
		7793C6C81F6DBA8900A1D147 /* Release */ = {
			isa = XCBuildConfiguration;
			buildSettings = {
				ALWAYS_SEARCH_USER_PATHS = NO;
				CLANG_ANALYZER_NONNULL = YES;
				CLANG_ANALYZER_NUMBER_OBJECT_CONVERSION = YES_AGGRESSIVE;
				CLANG_CXX_LANGUAGE_STANDARD = "gnu++0x";
				CLANG_CXX_LIBRARY = "libc++";
				CLANG_ENABLE_MODULES = YES;
				CLANG_ENABLE_OBJC_ARC = YES;
				CLANG_WARN_BLOCK_CAPTURE_AUTORELEASING = YES;
				CLANG_WARN_BOOL_CONVERSION = YES;
				CLANG_WARN_COMMA = YES;
				CLANG_WARN_CONSTANT_CONVERSION = YES;
				CLANG_WARN_DEPRECATED_OBJC_IMPLEMENTATIONS = YES;
				CLANG_WARN_DIRECT_OBJC_ISA_USAGE = YES_ERROR;
				CLANG_WARN_DOCUMENTATION_COMMENTS = YES;
				CLANG_WARN_EMPTY_BODY = YES;
				CLANG_WARN_ENUM_CONVERSION = YES;
				CLANG_WARN_INFINITE_RECURSION = YES;
				CLANG_WARN_INT_CONVERSION = YES;
				CLANG_WARN_NON_LITERAL_NULL_CONVERSION = YES;
				CLANG_WARN_OBJC_IMPLICIT_RETAIN_SELF = YES;
				CLANG_WARN_OBJC_LITERAL_CONVERSION = YES;
				CLANG_WARN_OBJC_ROOT_CLASS = YES_ERROR;
				CLANG_WARN_RANGE_LOOP_ANALYSIS = YES;
				CLANG_WARN_STRICT_PROTOTYPES = YES;
				CLANG_WARN_SUSPICIOUS_MOVE = YES;
				CLANG_WARN_UNREACHABLE_CODE = YES;
				CLANG_WARN__DUPLICATE_METHOD_MATCH = YES;
				"CODE_SIGN_IDENTITY[sdk=iphoneos*]" = "iPhone Developer";
				COPY_PHASE_STRIP = NO;
				CURRENT_PROJECT_VERSION = 1;
				DEBUG_INFORMATION_FORMAT = "dwarf-with-dsym";
				ENABLE_NS_ASSERTIONS = NO;
				ENABLE_STRICT_OBJC_MSGSEND = YES;
				GCC_C_LANGUAGE_STANDARD = gnu99;
				GCC_NO_COMMON_BLOCKS = YES;
				GCC_WARN_64_TO_32_BIT_CONVERSION = YES;
				GCC_WARN_ABOUT_RETURN_TYPE = YES_ERROR;
				GCC_WARN_UNDECLARED_SELECTOR = YES;
				GCC_WARN_UNINITIALIZED_AUTOS = YES_AGGRESSIVE;
				GCC_WARN_UNUSED_FUNCTION = YES;
				GCC_WARN_UNUSED_VARIABLE = YES;
				IPHONEOS_DEPLOYMENT_TARGET = 9.0;
				MTL_ENABLE_DEBUG_INFO = NO;
				SDKROOT = iphoneos;
				SWIFT_OPTIMIZATION_LEVEL = "-Owholemodule";
				TARGETED_DEVICE_FAMILY = "1,2";
				VALIDATE_PRODUCT = YES;
				VERSIONING_SYSTEM = "apple-generic";
				VERSION_INFO_PREFIX = "";
			};
			name = Release;
		};
		7793C6CA1F6DBA8900A1D147 /* Debug */ = {
			isa = XCBuildConfiguration;
			buildSettings = {
				CLANG_ENABLE_MODULES = YES;
				CODE_SIGN_IDENTITY = "";
				DEFINES_MODULE = YES;
				DYLIB_COMPATIBILITY_VERSION = 1;
				DYLIB_CURRENT_VERSION = 1;
				DYLIB_INSTALL_NAME_BASE = "@rpath";
				INFOPLIST_FILE = "$(SRCROOT)/Source/Info.plist";
				INSTALL_PATH = "$(LOCAL_LIBRARY_DIR)/Frameworks";
				IPHONEOS_DEPLOYMENT_TARGET = 9.0;
				LD_RUNPATH_SEARCH_PATHS = "$(inherited) @executable_path/Frameworks @loader_path/Frameworks";
				PRODUCT_BUNDLE_IDENTIFIER = com.quarkworks.Squidward;
				PRODUCT_NAME = "$(TARGET_NAME)";
				SKIP_INSTALL = YES;
				SWIFT_OPTIMIZATION_LEVEL = "-Onone";
				SWIFT_SWIFT3_OBJC_INFERENCE = Default;
				SWIFT_VERSION = 4.0;
			};
			name = Debug;
		};
		7793C6CB1F6DBA8900A1D147 /* Release */ = {
			isa = XCBuildConfiguration;
			buildSettings = {
				CLANG_ENABLE_MODULES = YES;
				CODE_SIGN_IDENTITY = "";
				DEFINES_MODULE = YES;
				DYLIB_COMPATIBILITY_VERSION = 1;
				DYLIB_CURRENT_VERSION = 1;
				DYLIB_INSTALL_NAME_BASE = "@rpath";
				INFOPLIST_FILE = "$(SRCROOT)/Source/Info.plist";
				INSTALL_PATH = "$(LOCAL_LIBRARY_DIR)/Frameworks";
				IPHONEOS_DEPLOYMENT_TARGET = 9.0;
				LD_RUNPATH_SEARCH_PATHS = "$(inherited) @executable_path/Frameworks @loader_path/Frameworks";
				PRODUCT_BUNDLE_IDENTIFIER = com.quarkworks.Squidward;
				PRODUCT_NAME = "$(TARGET_NAME)";
				SKIP_INSTALL = YES;
				SWIFT_SWIFT3_OBJC_INFERENCE = Default;
				SWIFT_VERSION = 4.0;
			};
			name = Release;
		};
		7793C6CD1F6DBA8900A1D147 /* Debug */ = {
			isa = XCBuildConfiguration;
			buildSettings = {
				ALWAYS_EMBED_SWIFT_STANDARD_LIBRARIES = YES;
				INFOPLIST_FILE = Tests/Info.plist;
				LD_RUNPATH_SEARCH_PATHS = "$(inherited) @executable_path/Frameworks @loader_path/Frameworks";
				PRODUCT_BUNDLE_IDENTIFIER = com.quarkworks.SquidwardTests;
				PRODUCT_NAME = "$(TARGET_NAME)";
				SWIFT_SWIFT3_OBJC_INFERENCE = Default;
				SWIFT_VERSION = 4.0;
			};
			name = Debug;
		};
		7793C6CE1F6DBA8900A1D147 /* Release */ = {
			isa = XCBuildConfiguration;
			buildSettings = {
				ALWAYS_EMBED_SWIFT_STANDARD_LIBRARIES = YES;
				INFOPLIST_FILE = Tests/Info.plist;
				LD_RUNPATH_SEARCH_PATHS = "$(inherited) @executable_path/Frameworks @loader_path/Frameworks";
				PRODUCT_BUNDLE_IDENTIFIER = com.quarkworks.SquidwardTests;
				PRODUCT_NAME = "$(TARGET_NAME)";
				SWIFT_SWIFT3_OBJC_INFERENCE = Default;
				SWIFT_VERSION = 4.0;
			};
			name = Release;
		};
/* End XCBuildConfiguration section */

/* Begin XCConfigurationList section */
		7793C6AF1F6DBA8900A1D147 /* Build configuration list for PBXProject "Squidward" */ = {
			isa = XCConfigurationList;
			buildConfigurations = (
				7793C6C71F6DBA8900A1D147 /* Debug */,
				7793C6C81F6DBA8900A1D147 /* Release */,
			);
			defaultConfigurationIsVisible = 0;
			defaultConfigurationName = Release;
		};
		7793C6C91F6DBA8900A1D147 /* Build configuration list for PBXNativeTarget "Squidward" */ = {
			isa = XCConfigurationList;
			buildConfigurations = (
				7793C6CA1F6DBA8900A1D147 /* Debug */,
				7793C6CB1F6DBA8900A1D147 /* Release */,
			);
			defaultConfigurationIsVisible = 0;
			defaultConfigurationName = Release;
		};
		7793C6CC1F6DBA8900A1D147 /* Build configuration list for PBXNativeTarget "SquidwardTests" */ = {
			isa = XCConfigurationList;
			buildConfigurations = (
				7793C6CD1F6DBA8900A1D147 /* Debug */,
				7793C6CE1F6DBA8900A1D147 /* Release */,
			);
			defaultConfigurationIsVisible = 0;
			defaultConfigurationName = Release;
		};
/* End XCConfigurationList section */
	};
	rootObject = 7793C6AC1F6DBA8900A1D147 /* Project object */;
}
